
Microsoft Visual Studio Solution File, Format Version 12.00
# Visual Studio 2013
VisualStudioVersion = 12.0.21005.1
MinimumVisualStudioVersion = 10.0.40219.1
Project("{FAE04EC0-301F-11D3-BF4B-00C04F79EFBC}") = "AnaliseWords", "AnaliseWords\AnaliseWords.csproj", "{7FF1688D-7726-4B77-A120-03716A421EDD}"
EndProject
Project("{FAE04EC0-301F-11D3-BF4B-00C04F79EFBC}") = "testAnalise", "testAnalise\testAnalise.csproj", "{94BAF824-1FE2-4C59-B0CC-753FC2DEEA62}"
	ProjectSection(ProjectDependencies) = postProject
		{7FF1688D-7726-4B77-A120-03716A421EDD} = {7FF1688D-7726-4B77-A120-03716A421EDD}
	EndProjectSection
EndProject
Global
	GlobalSection(SolutionConfigurationPlatforms) = preSolution
		Debug|Any CPU = Debug|Any CPU
		Release|Any CPU = Release|Any CPU
	EndGlobalSection
	GlobalSection(ProjectConfigurationPlatforms) = postSolution
		{7FF1688D-7726-4B77-A120-03716A421EDD}.Debug|Any CPU.ActiveCfg = Debug|Any CPU
		{7FF1688D-7726-4B77-A120-03716A421EDD}.Debug|Any CPU.Build.0 = Debug|Any CPU
		{7FF1688D-7726-4B77-A120-03716A421EDD}.Release|Any CPU.ActiveCfg = Release|Any CPU
		{7FF1688D-7726-4B77-A120-03716A421EDD}.Release|Any CPU.Build.0 = Release|Any CPU
		{94BAF824-1FE2-4C59-B0CC-753FC2DEEA62}.Debug|Any CPU.ActiveCfg = Debug|Any CPU
		{94BAF824-1FE2-4C59-B0CC-753FC2DEEA62}.Debug|Any CPU.Build.0 = Debug|Any CPU
		{94BAF824-1FE2-4C59-B0CC-753FC2DEEA62}.Release|Any CPU.ActiveCfg = Release|Any CPU
		{94BAF824-1FE2-4C59-B0CC-753FC2DEEA62}.Release|Any CPU.Build.0 = Release|Any CPU
	EndGlobalSection
	GlobalSection(SolutionProperties) = preSolution
		HideSolutionNode = FALSE
	EndGlobalSection
EndGlobal
